// !$*UTF8*$!
{
	archiveVersion = 1;
	classes = {
	};
	objectVersion = 51;
	objects = {

/* Begin PBXBuildFile section */
		4F9A221823349B4700D713DA /* WDAlertController.m in Sources */ = {isa = PBXBuildFile; fileRef = 4F9A221423349B4700D713DA /* WDAlertController.m */; };
		4F9A221923349B4700D713DA /* WDCustomPresentationController.m in Sources */ = {isa = PBXBuildFile; fileRef = 4F9A221523349B4700D713DA /* WDCustomPresentationController.m */; };
		4FD06DED2333889D00CEDD5C /* AppDelegate.m in Sources */ = {isa = PBXBuildFile; fileRef = 4FD06DEC2333889D00CEDD5C /* AppDelegate.m */; };
		4FD06DF02333889D00CEDD5C /* ViewController.m in Sources */ = {isa = PBXBuildFile; fileRef = 4FD06DEF2333889D00CEDD5C /* ViewController.m */; };
		4FD06DF32333889D00CEDD5C /* Main.storyboard in Resources */ = {isa = PBXBuildFile; fileRef = 4FD06DF12333889D00CEDD5C /* Main.storyboard */; };
		4FD06DF52333889E00CEDD5C /* Assets.xcassets in Resources */ = {isa = PBXBuildFile; fileRef = 4FD06DF42333889E00CEDD5C /* Assets.xcassets */; };
		4FD06DF82333889E00CEDD5C /* LaunchScreen.storyboard in Resources */ = {isa = PBXBuildFile; fileRef = 4FD06DF62333889E00CEDD5C /* LaunchScreen.storyboard */; };
		4FD06DFB2333889E00CEDD5C /* main.m in Sources */ = {isa = PBXBuildFile; fileRef = 4FD06DFA2333889E00CEDD5C /* main.m */; };
		4FD41C812339ECBF00CCBA04 /* UITextView+WDForbiddenCopy.m in Sources */ = {isa = PBXBuildFile; fileRef = 4FD41C802339ECBF00CCBA04 /* UITextView+WDForbiddenCopy.m */; };
		4FE3D7E6233C514D0015F938 /* WDKeyboardManager.m in Sources */ = {isa = PBXBuildFile; fileRef = 4FE3D7E5233C514D0015F938 /* WDKeyboardManager.m */; };
		55B6351E548AA9352F4D2840 /* Pods_Demo.framework in Frameworks */ = {isa = PBXBuildFile; fileRef = ABAD2256968136C6E28B3629 /* Pods_Demo.framework */; };
/* End PBXBuildFile section */

/* Begin PBXFileReference section */
		448260B9667B8375266A7984 /* Pods-Demo.release.xcconfig */ = {isa = PBXFileReference; includeInIndex = 1; lastKnownFileType = text.xcconfig; name = "Pods-Demo.release.xcconfig"; path = "Target Support Files/Pods-Demo/Pods-Demo.release.xcconfig"; sourceTree = "<group>"; };
		4F92C85623389C4B002BD120 /* WDHeader.h */ = {isa = PBXFileReference; lastKnownFileType = sourcecode.c.h; path = WDHeader.h; sourceTree = "<group>"; };
		4F9A221423349B4700D713DA /* WDAlertController.m */ = {isa = PBXFileReference; fileEncoding = 4; lastKnownFileType = sourcecode.c.objc; path = WDAlertController.m; sourceTree = "<group>"; };
		4F9A221523349B4700D713DA /* WDCustomPresentationController.m */ = {isa = PBXFileReference; fileEncoding = 4; lastKnownFileType = sourcecode.c.objc; path = WDCustomPresentationController.m; sourceTree = "<group>"; };
		4F9A221623349B4700D713DA /* WDAlertController.h */ = {isa = PBXFileReference; fileEncoding = 4; lastKnownFileType = sourcecode.c.h; path = WDAlertController.h; sourceTree = "<group>"; };
		4F9A221723349B4700D713DA /* WDCustomPresentationController.h */ = {isa = PBXFileReference; fileEncoding = 4; lastKnownFileType = sourcecode.c.h; path = WDCustomPresentationController.h; sourceTree = "<group>"; };
		4FD06DE82333889D00CEDD5C /* Demo.app */ = {isa = PBXFileReference; explicitFileType = wrapper.application; includeInIndex = 0; path = Demo.app; sourceTree = BUILT_PRODUCTS_DIR; };
		4FD06DEB2333889D00CEDD5C /* AppDelegate.h */ = {isa = PBXFileReference; lastKnownFileType = sourcecode.c.h; path = AppDelegate.h; sourceTree = "<group>"; };
		4FD06DEC2333889D00CEDD5C /* AppDelegate.m */ = {isa = PBXFileReference; lastKnownFileType = sourcecode.c.objc; path = AppDelegate.m; sourceTree = "<group>"; };
		4FD06DEE2333889D00CEDD5C /* ViewController.h */ = {isa = PBXFileReference; lastKnownFileType = sourcecode.c.h; path = ViewController.h; sourceTree = "<group>"; };
		4FD06DEF2333889D00CEDD5C /* ViewController.m */ = {isa = PBXFileReference; lastKnownFileType = sourcecode.c.objc; path = ViewController.m; sourceTree = "<group>"; };
		4FD06DF22333889D00CEDD5C /* Base */ = {isa = PBXFileReference; lastKnownFileType = file.storyboard; name = Base; path = Base.lproj/Main.storyboard; sourceTree = "<group>"; };
		4FD06DF42333889E00CEDD5C /* Assets.xcassets */ = {isa = PBXFileReference; lastKnownFileType = folder.assetcatalog; path = Assets.xcassets; sourceTree = "<group>"; };
		4FD06DF72333889E00CEDD5C /* Base */ = {isa = PBXFileReference; lastKnownFileType = file.storyboard; name = Base; path = Base.lproj/LaunchScreen.storyboard; sourceTree = "<group>"; };
		4FD06DF92333889E00CEDD5C /* Info.plist */ = {isa = PBXFileReference; lastKnownFileType = text.plist.xml; path = Info.plist; sourceTree = "<group>"; };
		4FD06DFA2333889E00CEDD5C /* main.m */ = {isa = PBXFileReference; lastKnownFileType = sourcecode.c.objc; path = main.m; sourceTree = "<group>"; };
		4FD41C7F2339ECBF00CCBA04 /* UITextView+WDForbiddenCopy.h */ = {isa = PBXFileReference; lastKnownFileType = sourcecode.c.h; path = "UITextView+WDForbiddenCopy.h"; sourceTree = "<group>"; };
		4FD41C802339ECBF00CCBA04 /* UITextView+WDForbiddenCopy.m */ = {isa = PBXFileReference; lastKnownFileType = sourcecode.c.objc; path = "UITextView+WDForbiddenCopy.m"; sourceTree = "<group>"; };
		4FDA434823CEA79E00C5009D /* Demo.entitlements */ = {isa = PBXFileReference; fileEncoding = 4; lastKnownFileType = text.plist.entitlements; path = Demo.entitlements; sourceTree = "<group>"; };
		4FE3D7E4233C514D0015F938 /* WDKeyboardManager.h */ = {isa = PBXFileReference; lastKnownFileType = sourcecode.c.h; path = WDKeyboardManager.h; sourceTree = "<group>"; };
		4FE3D7E5233C514D0015F938 /* WDKeyboardManager.m */ = {isa = PBXFileReference; lastKnownFileType = sourcecode.c.objc; path = WDKeyboardManager.m; sourceTree = "<group>"; };
		9ADA2C48F1161B73C3CA4429 /* Pods-Demo.debug.xcconfig */ = {isa = PBXFileReference; includeInIndex = 1; lastKnownFileType = text.xcconfig; name = "Pods-Demo.debug.xcconfig"; path = "Target Support Files/Pods-Demo/Pods-Demo.debug.xcconfig"; sourceTree = "<group>"; };
		ABAD2256968136C6E28B3629 /* Pods_Demo.framework */ = {isa = PBXFileReference; explicitFileType = wrapper.framework; includeInIndex = 0; path = Pods_Demo.framework; sourceTree = BUILT_PRODUCTS_DIR; };
/* End PBXFileReference section */

/* Begin PBXFrameworksBuildPhase section */
		4FD06DE52333889D00CEDD5C /* Frameworks */ = {
			isa = PBXFrameworksBuildPhase;
			buildActionMask = 2147483647;
			files = (
				55B6351E548AA9352F4D2840 /* Pods_Demo.framework in Frameworks */,
			);
			runOnlyForDeploymentPostprocessing = 0;
		};
/* End PBXFrameworksBuildPhase section */

/* Begin PBXGroup section */
		1333B3C90AF6160DEB7122B6 /* Pods */ = {
			isa = PBXGroup;
			children = (
				9ADA2C48F1161B73C3CA4429 /* Pods-Demo.debug.xcconfig */,
				448260B9667B8375266A7984 /* Pods-Demo.release.xcconfig */,
			);
			path = Pods;
			sourceTree = "<group>";
		};
		4F9A221323349B4700D713DA /* WDAlertController */ = {
			isa = PBXGroup;
			children = (
				4F92C85623389C4B002BD120 /* WDHeader.h */,
				4F9A221623349B4700D713DA /* WDAlertController.h */,
				4F9A221423349B4700D713DA /* WDAlertController.m */,
				4FE3D7E4233C514D0015F938 /* WDKeyboardManager.h */,
				4FE3D7E5233C514D0015F938 /* WDKeyboardManager.m */,
				4F9A221723349B4700D713DA /* WDCustomPresentationController.h */,
				4F9A221523349B4700D713DA /* WDCustomPresentationController.m */,
				4FD41C7F2339ECBF00CCBA04 /* UITextView+WDForbiddenCopy.h */,
				4FD41C802339ECBF00CCBA04 /* UITextView+WDForbiddenCopy.m */,
			);
			name = WDAlertController;
			path = ../../WDAlertController;
			sourceTree = "<group>";
		};
		4FD06DDF2333889D00CEDD5C = {
			isa = PBXGroup;
			children = (
				4FD06DEA2333889D00CEDD5C /* Demo */,
				4FD06DE92333889D00CEDD5C /* Products */,
				1333B3C90AF6160DEB7122B6 /* Pods */,
				FBA52A25F8D2E40D8148C158 /* Frameworks */,
			);
			sourceTree = "<group>";
		};
		4FD06DE92333889D00CEDD5C /* Products */ = {
			isa = PBXGroup;
			children = (
				4FD06DE82333889D00CEDD5C /* Demo.app */,
			);
			name = Products;
			sourceTree = "<group>";
		};
		4FD06DEA2333889D00CEDD5C /* Demo */ = {
			isa = PBXGroup;
			children = (
				4FDA434823CEA79E00C5009D /* Demo.entitlements */,
				4F9A221323349B4700D713DA /* WDAlertController */,
				4FD06DEB2333889D00CEDD5C /* AppDelegate.h */,
				4FD06DEC2333889D00CEDD5C /* AppDelegate.m */,
				4FD06DEE2333889D00CEDD5C /* ViewController.h */,
				4FD06DEF2333889D00CEDD5C /* ViewController.m */,
				4FD06DF12333889D00CEDD5C /* Main.storyboard */,
				4FD06DF42333889E00CEDD5C /* Assets.xcassets */,
				4FD06DF62333889E00CEDD5C /* LaunchScreen.storyboard */,
				4FD06DF92333889E00CEDD5C /* Info.plist */,
				4FD06DFA2333889E00CEDD5C /* main.m */,
			);
			path = Demo;
			sourceTree = "<group>";
		};
		FBA52A25F8D2E40D8148C158 /* Frameworks */ = {
			isa = PBXGroup;
			children = (
				ABAD2256968136C6E28B3629 /* Pods_Demo.framework */,
			);
			name = Frameworks;
			sourceTree = "<group>";
		};
/* End PBXGroup section */

/* Begin PBXNativeTarget section */
		4FD06DE72333889D00CEDD5C /* Demo */ = {
			isa = PBXNativeTarget;
			buildConfigurationList = 4FD06DFE2333889E00CEDD5C /* Build configuration list for PBXNativeTarget "Demo" */;
			buildPhases = (
				1546E28BB22C6CC999EFBBB6 /* [CP] Check Pods Manifest.lock */,
				4FD06DE42333889D00CEDD5C /* Sources */,
				4FD06DE52333889D00CEDD5C /* Frameworks */,
				4FD06DE62333889D00CEDD5C /* Resources */,
				04B55DC12369920233788E83 /* [CP] Embed Pods Frameworks */,
			);
			buildRules = (
			);
			dependencies = (
			);
			name = Demo;
			productName = Demo;
			productReference = 4FD06DE82333889D00CEDD5C /* Demo.app */;
			productType = "com.apple.product-type.application";
		};
/* End PBXNativeTarget section */

/* Begin PBXProject section */
		4FD06DE02333889D00CEDD5C /* Project object */ = {
			isa = PBXProject;
			attributes = {
				LastUpgradeCheck = 1030;
				ORGANIZATIONNAME = "董雷";
				TargetAttributes = {
					4FD06DE72333889D00CEDD5C = {
						CreatedOnToolsVersion = 10.3;
					};
				};
			};
			buildConfigurationList = 4FD06DE32333889D00CEDD5C /* Build configuration list for PBXProject "Demo" */;
			compatibilityVersion = "Xcode 9.3";
			developmentRegion = en;
			hasScannedForEncodings = 0;
			knownRegions = (
				en,
				Base,
				"zh-Hans",
			);
			mainGroup = 4FD06DDF2333889D00CEDD5C;
			productRefGroup = 4FD06DE92333889D00CEDD5C /* Products */;
			projectDirPath = "";
			projectRoot = "";
			targets = (
				4FD06DE72333889D00CEDD5C /* Demo */,
			);
		};
/* End PBXProject section */

/* Begin PBXResourcesBuildPhase section */
		4FD06DE62333889D00CEDD5C /* Resources */ = {
			isa = PBXResourcesBuildPhase;
			buildActionMask = 2147483647;
			files = (
				4FD06DF82333889E00CEDD5C /* LaunchScreen.storyboard in Resources */,
				4FD06DF52333889E00CEDD5C /* Assets.xcassets in Resources */,
				4FD06DF32333889D00CEDD5C /* Main.storyboard in Resources */,
			);
			runOnlyForDeploymentPostprocessing = 0;
		};
/* End PBXResourcesBuildPhase section */

/* Begin PBXShellScriptBuildPhase section */
		04B55DC12369920233788E83 /* [CP] Embed Pods Frameworks */ = {
			isa = PBXShellScriptBuildPhase;
			buildActionMask = 2147483647;
			files = (
			);
			inputFileListPaths = (
				"${PODS_ROOT}/Target Support Files/Pods-Demo/Pods-Demo-frameworks-${CONFIGURATION}-input-files.xcfilelist",
			);
			name = "[CP] Embed Pods Frameworks";
			outputFileListPaths = (
				"${PODS_ROOT}/Target Support Files/Pods-Demo/Pods-Demo-frameworks-${CONFIGURATION}-output-files.xcfilelist",
			);
			runOnlyForDeploymentPostprocessing = 0;
			shellPath = /bin/sh;
			shellScript = "\"${PODS_ROOT}/Target Support Files/Pods-Demo/Pods-Demo-frameworks.sh\"\n";
			showEnvVarsInLog = 0;
		};
		1546E28BB22C6CC999EFBBB6 /* [CP] Check Pods Manifest.lock */ = {
			isa = PBXShellScriptBuildPhase;
			buildActionMask = 2147483647;
			files = (
			);
			inputFileListPaths = (
			);
			inputPaths = (
				"${PODS_PODFILE_DIR_PATH}/Podfile.lock",
				"${PODS_ROOT}/Manifest.lock",
			);
			name = "[CP] Check Pods Manifest.lock";
			outputFileListPaths = (
			);
			outputPaths = (
				"$(DERIVED_FILE_DIR)/Pods-Demo-checkManifestLockResult.txt",
			);
			runOnlyForDeploymentPostprocessing = 0;
			shellPath = /bin/sh;
			shellScript = "diff \"${PODS_PODFILE_DIR_PATH}/Podfile.lock\" \"${PODS_ROOT}/Manifest.lock\" > /dev/null\nif [ $? != 0 ] ; then\n    # print error to STDERR\n    echo \"error: The sandbox is not in sync with the Podfile.lock. Run 'pod install' or update your CocoaPods installation.\" >&2\n    exit 1\nfi\n# This output is used by Xcode 'outputs' to avoid re-running this script phase.\necho \"SUCCESS\" > \"${SCRIPT_OUTPUT_FILE_0}\"\n";
			showEnvVarsInLog = 0;
		};
/* End PBXShellScriptBuildPhase section */

/* Begin PBXSourcesBuildPhase section */
		4FD06DE42333889D00CEDD5C /* Sources */ = {
			isa = PBXSourcesBuildPhase;
			buildActionMask = 2147483647;
			files = (
				4FD06DF02333889D00CEDD5C /* ViewController.m in Sources */,
				4FE3D7E6233C514D0015F938 /* WDKeyboardManager.m in Sources */,
				4FD06DFB2333889E00CEDD5C /* main.m in Sources */,
				4F9A221923349B4700D713DA /* WDCustomPresentationController.m in Sources */,
				4F9A221823349B4700D713DA /* WDAlertController.m in Sources */,
				4FD06DED2333889D00CEDD5C /* AppDelegate.m in Sources */,
				4FD41C812339ECBF00CCBA04 /* UITextView+WDForbiddenCopy.m in Sources */,
			);
			runOnlyForDeploymentPostprocessing = 0;
		};
/* End PBXSourcesBuildPhase section */

/* Begin PBXVariantGroup section */
		4FD06DF12333889D00CEDD5C /* Main.storyboard */ = {
			isa = PBXVariantGroup;
			children = (
				4FD06DF22333889D00CEDD5C /* Base */,
			);
			name = Main.storyboard;
			sourceTree = "<group>";
		};
		4FD06DF62333889E00CEDD5C /* LaunchScreen.storyboard */ = {
			isa = PBXVariantGroup;
			children = (
				4FD06DF72333889E00CEDD5C /* Base */,
			);
			name = LaunchScreen.storyboard;
			sourceTree = "<group>";
		};
/* End PBXVariantGroup section */

/* Begin XCBuildConfiguration section */
		4FD06DFC2333889E00CEDD5C /* Debug */ = {
			isa = XCBuildConfiguration;
			buildSettings = {
				ALWAYS_SEARCH_USER_PATHS = NO;
				CLANG_ANALYZER_NONNULL = YES;
				CLANG_ANALYZER_NUMBER_OBJECT_CONVERSION = YES_AGGRESSIVE;
				CLANG_CXX_LANGUAGE_STANDARD = "gnu++14";
				CLANG_CXX_LIBRARY = "libc++";
				CLANG_ENABLE_MODULES = YES;
				CLANG_ENABLE_OBJC_ARC = YES;
				CLANG_ENABLE_OBJC_WEAK = YES;
				CLANG_WARN_BLOCK_CAPTURE_AUTORELEASING = YES;
				CLANG_WARN_BOOL_CONVERSION = YES;
				CLANG_WARN_COMMA = YES;
				CLANG_WARN_CONSTANT_CONVERSION = YES;
				CLANG_WARN_DEPRECATED_OBJC_IMPLEMENTATIONS = YES;
				CLANG_WARN_DIRECT_OBJC_ISA_USAGE = YES_ERROR;
				CLANG_WARN_DOCUMENTATION_COMMENTS = YES;
				CLANG_WARN_EMPTY_BODY = YES;
				CLANG_WARN_ENUM_CONVERSION = YES;
				CLANG_WARN_INFINITE_RECURSION = YES;
				CLANG_WARN_INT_CONVERSION = YES;
				CLANG_WARN_NON_LITERAL_NULL_CONVERSION = YES;
				CLANG_WARN_OBJC_IMPLICIT_RETAIN_SELF = YES;
				CLANG_WARN_OBJC_LITERAL_CONVERSION = YES;
				CLANG_WARN_OBJC_ROOT_CLASS = YES_ERROR;
				CLANG_WARN_RANGE_LOOP_ANALYSIS = YES;
				CLANG_WARN_STRICT_PROTOTYPES = YES;
				CLANG_WARN_SUSPICIOUS_MOVE = YES;
				CLANG_WARN_UNGUARDED_AVAILABILITY = YES_AGGRESSIVE;
				CLANG_WARN_UNREACHABLE_CODE = YES;
				CLANG_WARN__DUPLICATE_METHOD_MATCH = YES;
				CODE_SIGN_IDENTITY = "iPhone Developer";
				COPY_PHASE_STRIP = NO;
				DEBUG_INFORMATION_FORMAT = dwarf;
				ENABLE_STRICT_OBJC_MSGSEND = YES;
				ENABLE_TESTABILITY = YES;
				GCC_C_LANGUAGE_STANDARD = gnu11;
				GCC_DYNAMIC_NO_PIC = NO;
				GCC_NO_COMMON_BLOCKS = YES;
				GCC_OPTIMIZATION_LEVEL = 0;
				GCC_PREPROCESSOR_DEFINITIONS = (
					"DEBUG=1",
					"$(inherited)",
				);
				GCC_WARN_64_TO_32_BIT_CONVERSION = YES;
				GCC_WARN_ABOUT_RETURN_TYPE = YES_ERROR;
				GCC_WARN_UNDECLARED_SELECTOR = YES;
				GCC_WARN_UNINITIALIZED_AUTOS = YES_AGGRESSIVE;
				GCC_WARN_UNUSED_FUNCTION = YES;
				GCC_WARN_UNUSED_VARIABLE = YES;
				IPHONEOS_DEPLOYMENT_TARGET = 12.4;
				MTL_ENABLE_DEBUG_INFO = INCLUDE_SOURCE;
				MTL_FAST_MATH = YES;
				ONLY_ACTIVE_ARCH = YES;
				SDKROOT = iphoneos;
			};
			name = Debug;
		};
		4FD06DFD2333889E00CEDD5C /* Release */ = {
			isa = XCBuildConfiguration;
			buildSettings = {
				ALWAYS_SEARCH_USER_PATHS = NO;
				CLANG_ANALYZER_NONNULL = YES;
				CLANG_ANALYZER_NUMBER_OBJECT_CONVERSION = YES_AGGRESSIVE;
				CLANG_CXX_LANGUAGE_STANDARD = "gnu++14";
				CLANG_CXX_LIBRARY = "libc++";
				CLANG_ENABLE_MODULES = YES;
				CLANG_ENABLE_OBJC_ARC = YES;
				CLANG_ENABLE_OBJC_WEAK = YES;
				CLANG_WARN_BLOCK_CAPTURE_AUTORELEASING = YES;
				CLANG_WARN_BOOL_CONVERSION = YES;
				CLANG_WARN_COMMA = YES;
				CLANG_WARN_CONSTANT_CONVERSION = YES;
				CLANG_WARN_DEPRECATED_OBJC_IMPLEMENTATIONS = YES;
				CLANG_WARN_DIRECT_OBJC_ISA_USAGE = YES_ERROR;
				CLANG_WARN_DOCUMENTATION_COMMENTS = YES;
				CLANG_WARN_EMPTY_BODY = YES;
				CLANG_WARN_ENUM_CONVERSION = YES;
				CLANG_WARN_INFINITE_RECURSION = YES;
				CLANG_WARN_INT_CONVERSION = YES;
				CLANG_WARN_NON_LITERAL_NULL_CONVERSION = YES;
				CLANG_WARN_OBJC_IMPLICIT_RETAIN_SELF = YES;
				CLANG_WARN_OBJC_LITERAL_CONVERSION = YES;
				CLANG_WARN_OBJC_ROOT_CLASS = YES_ERROR;
				CLANG_WARN_RANGE_LOOP_ANALYSIS = YES;
				CLANG_WARN_STRICT_PROTOTYPES = YES;
				CLANG_WARN_SUSPICIOUS_MOVE = YES;
				CLANG_WARN_UNGUARDED_AVAILABILITY = YES_AGGRESSIVE;
				CLANG_WARN_UNREACHABLE_CODE = YES;
				CLANG_WARN__DUPLICATE_METHOD_MATCH = YES;
				CODE_SIGN_IDENTITY = "iPhone Developer";
				COPY_PHASE_STRIP = NO;
				DEBUG_INFORMATION_FORMAT = "dwarf-with-dsym";
				ENABLE_NS_ASSERTIONS = NO;
				ENABLE_STRICT_OBJC_MSGSEND = YES;
				GCC_C_LANGUAGE_STANDARD = gnu11;
				GCC_NO_COMMON_BLOCKS = YES;
				GCC_WARN_64_TO_32_BIT_CONVERSION = YES;
				GCC_WARN_ABOUT_RETURN_TYPE = YES_ERROR;
				GCC_WARN_UNDECLARED_SELECTOR = YES;
				GCC_WARN_UNINITIALIZED_AUTOS = YES_AGGRESSIVE;
				GCC_WARN_UNUSED_FUNCTION = YES;
				GCC_WARN_UNUSED_VARIABLE = YES;
				IPHONEOS_DEPLOYMENT_TARGET = 12.4;
				MTL_ENABLE_DEBUG_INFO = NO;
				MTL_FAST_MATH = YES;
				SDKROOT = iphoneos;
				VALIDATE_PRODUCT = YES;
			};
			name = Release;
		};
		4FD06DFF2333889E00CEDD5C /* Debug */ = {
			isa = XCBuildConfiguration;
			baseConfigurationReference = 9ADA2C48F1161B73C3CA4429 /* Pods-Demo.debug.xcconfig */;
			buildSettings = {
				ALWAYS_SEARCH_USER_PATHS = NO;
				ASSETCATALOG_COMPILER_APPICON_NAME = AppIcon;
				CODE_SIGN_ENTITLEMENTS = Demo/Demo.entitlements;
				CODE_SIGN_IDENTITY = "Apple Development";
				CODE_SIGN_STYLE = Automatic;
				DEVELOPMENT_TEAM = VY63TUJ896;
				HEADER_SEARCH_PATHS = (
					"$(inherited)",
					"\"${PODS_CONFIGURATION_BUILD_DIR}/Masonry/Masonry.framework/Headers\"",
					"\"$(SRCROOT)/../WDAlertController\"",
				);
				INFOPLIST_FILE = Demo/Info.plist;
				IPHONEOS_DEPLOYMENT_TARGET = 9.0;
				LD_RUNPATH_SEARCH_PATHS = (
					"$(inherited)",
					"@executable_path/Frameworks",
				);
				MARKETING_VERSION = 1.0.1;
				PRODUCT_BUNDLE_IDENTIFIER = com.donglei.Demo;
				PRODUCT_NAME = "$(TARGET_NAME)";
				PROVISIONING_PROFILE_SPECIFIER = "";
				TARGETED_DEVICE_FAMILY = "1,2";
			};
			name = Debug;
		};
		4FD06E002333889E00CEDD5C /* Release */ = {
			isa = XCBuildConfiguration;
			baseConfigurationReference = 448260B9667B8375266A7984 /* Pods-Demo.release.xcconfig */;
			buildSettings = {
				ALWAYS_SEARCH_USER_PATHS = NO;
				ASSETCATALOG_COMPILER_APPICON_NAME = AppIcon;
				CODE_SIGN_ENTITLEMENTS = Demo/Demo.entitlements;
				CODE_SIGN_IDENTITY = "Apple Development";
				CODE_SIGN_STYLE = Automatic;
				DEVELOPMENT_TEAM = VY63TUJ896;
				HEADER_SEARCH_PATHS = (
					"$(inherited)",
					"\"${PODS_CONFIGURATION_BUILD_DIR}/Masonry/Masonry.framework/Headers\"",
					"\"$(SRCROOT)/../WDAlertController\"",
				);
				INFOPLIST_FILE = Demo/Info.plist;
				IPHONEOS_DEPLOYMENT_TARGET = 9.0;
				LD_RUNPATH_SEARCH_PATHS = (
					"$(inherited)",
					"@executable_path/Frameworks",
				);
				MARKETING_VERSION = 1.0.1;
				PRODUCT_BUNDLE_IDENTIFIER = com.donglei.Demo;
				PRODUCT_NAME = "$(TARGET_NAME)";
				PROVISIONING_PROFILE_SPECIFIER = "";
				TARGETED_DEVICE_FAMILY = "1,2";
			};
			name = Release;
		};
/* End XCBuildConfiguration section */

/* Begin XCConfigurationList section */
		4FD06DE32333889D00CEDD5C /* Build configuration list for PBXProject "Demo" */ = {
			isa = XCConfigurationList;
			buildConfigurations = (
				4FD06DFC2333889E00CEDD5C /* Debug */,
				4FD06DFD2333889E00CEDD5C /* Release */,
			);
			defaultConfigurationIsVisible = 0;
			defaultConfigurationName = Release;
		};
		4FD06DFE2333889E00CEDD5C /* Build configuration list for PBXNativeTarget "Demo" */ = {
			isa = XCConfigurationList;
			buildConfigurations = (
				4FD06DFF2333889E00CEDD5C /* Debug */,
				4FD06E002333889E00CEDD5C /* Release */,
			);
			defaultConfigurationIsVisible = 0;
			defaultConfigurationName = Release;
		};
/* End XCConfigurationList section */
	};
	rootObject = 4FD06DE02333889D00CEDD5C /* Project object */;
}
